
Microsoft Visual Studio Solution File, Format Version 12.00
# Visual Studio Version 17
VisualStudioVersion = 17.6.33829.357
MinimumVisualStudioVersion = 10.0.40219.1
Project("{8BC9CEB8-8B4A-11D0-8D11-00A0C91BC942}") = "Framework", "Framework\Framework.vcxproj", "{A80F19B4-8371-4341-A1E7-947B2065A33E}"
EndProject
Global
	GlobalSection(SolutionConfigurationPlatforms) = preSolution
		Debug|x64 = Debug|x64
		Debug|x86 = Debug|x86
		Release|x64 = Release|x64
		Release|x86 = Release|x86
	EndGlobalSection
	GlobalSection(ProjectConfigurationPlatforms) = postSolution
		{A80F19B4-8371-4341-A1E7-947B2065A33E}.Debug|x64.ActiveCfg = Debug|x64
		{A80F19B4-8371-4341-A1E7-947B2065A33E}.Debug|x64.Build.0 = Debug|x64
		{A80F19B4-8371-4341-A1E7-947B2065A33E}.Debug|x86.ActiveCfg = Debug|Win32
		{A80F19B4-8371-4341-A1E7-947B2065A33E}.Debug|x86.Build.0 = Debug|Win32
		{A80F19B4-8371-4341-A1E7-947B2065A33E}.Release|x64.ActiveCfg = Release|x64
		{A80F19B4-8371-4341-A1E7-947B2065A33E}.Release|x64.Build.0 = Release|x64
		{A80F19B4-8371-4341-A1E7-947B2065A33E}.Release|x86.ActiveCfg = Release|Win32
		{A80F19B4-8371-4341-A1E7-947B2065A33E}.Release|x86.Build.0 = Release|Win32
	EndGlobalSection
	GlobalSection(SolutionProperties) = preSolution
		HideSolutionNode = FALSE
	EndGlobalSection
	GlobalSection(ExtensibilityGlobals) = postSolution
		SolutionGuid = {3DA12279-035E-4E19-96AA-A8C8EEF860DD}
	EndGlobalSection
EndGlobal
