
Microsoft Visual Studio Solution File, Format Version 12.00
# Visual Studio Version 17
VisualStudioVersion = 17.6.33829.357
MinimumVisualStudioVersion = 10.0.40219.1
Project("{8BC9CEB8-8B4A-11D0-8D11-00A0C91BC942}") = "tut04shader", "tut04shader\tut04shader.vcxproj", "{44B7133E-90DC-45F1-98C0-2791BB9B0261}"
EndProject
Project("{8BC9CEB8-8B4A-11D0-8D11-00A0C91BC942}") = "tut05texture", "tut05texture\tut05texture.vcxproj", "{E157C0A9-E585-467E-BFE4-41E13F9A88C0}"
EndProject
Global
	GlobalSection(SolutionConfigurationPlatforms) = preSolution
		Debug|x64 = Debug|x64
		Debug|x86 = Debug|x86
		Release|x64 = Release|x64
		Release|x86 = Release|x86
	EndGlobalSection
	GlobalSection(ProjectConfigurationPlatforms) = postSolution
		{44B7133E-90DC-45F1-98C0-2791BB9B0261}.Debug|x64.ActiveCfg = Debug|x64
		{44B7133E-90DC-45F1-98C0-2791BB9B0261}.Debug|x64.Build.0 = Debug|x64
		{44B7133E-90DC-45F1-98C0-2791BB9B0261}.Debug|x86.ActiveCfg = Debug|Win32
		{44B7133E-90DC-45F1-98C0-2791BB9B0261}.Debug|x86.Build.0 = Debug|Win32
		{44B7133E-90DC-45F1-98C0-2791BB9B0261}.Release|x64.ActiveCfg = Release|x64
		{44B7133E-90DC-45F1-98C0-2791BB9B0261}.Release|x64.Build.0 = Release|x64
		{44B7133E-90DC-45F1-98C0-2791BB9B0261}.Release|x86.ActiveCfg = Release|Win32
		{44B7133E-90DC-45F1-98C0-2791BB9B0261}.Release|x86.Build.0 = Release|Win32
		{E157C0A9-E585-467E-BFE4-41E13F9A88C0}.Debug|x64.ActiveCfg = Debug|x64
		{E157C0A9-E585-467E-BFE4-41E13F9A88C0}.Debug|x64.Build.0 = Debug|x64
		{E157C0A9-E585-467E-BFE4-41E13F9A88C0}.Debug|x86.ActiveCfg = Debug|Win32
		{E157C0A9-E585-467E-BFE4-41E13F9A88C0}.Debug|x86.Build.0 = Debug|Win32
		{E157C0A9-E585-467E-BFE4-41E13F9A88C0}.Release|x64.ActiveCfg = Release|x64
		{E157C0A9-E585-467E-BFE4-41E13F9A88C0}.Release|x64.Build.0 = Release|x64
		{E157C0A9-E585-467E-BFE4-41E13F9A88C0}.Release|x86.ActiveCfg = Release|Win32
		{E157C0A9-E585-467E-BFE4-41E13F9A88C0}.Release|x86.Build.0 = Release|Win32
	EndGlobalSection
	GlobalSection(SolutionProperties) = preSolution
		HideSolutionNode = FALSE
	EndGlobalSection
	GlobalSection(ExtensibilityGlobals) = postSolution
		SolutionGuid = {3DA12279-035E-4E19-96AA-A8C8EEF860DD}
	EndGlobalSection
EndGlobal
